
Microsoft Visual Studio Solution File, Format Version 12.00
# Visual Studio Version 17
VisualStudioVersion = 17.12.35514.174 d17.12
MinimumVisualStudioVersion = 10.0.40219.1
Project("{FAE04EC0-301F-11D3-BF4B-00C04F79EFBC}") = "eCommerce.API", "eCommerce.API\eCommerce.API.csproj", "{08B1FA74-376F-4E90-A950-99B228DC2338}"
EndProject
Project("{FAE04EC0-301F-11D3-BF4B-00C04F79EFBC}") = "eCommerce.Infrastructure", "eCommerce.Infrastructure\eCommerce.Infrastructure.csproj", "{1EDC116D-3C3F-4D55-88F1-356C8043A113}"
EndProject
Project("{FAE04EC0-301F-11D3-BF4B-00C04F79EFBC}") = "eCommerce.Core", "eCommerce.Core\eCommerce.Core.csproj", "{E22FC032-3A5D-4225-88DD-9791CC2D1CA0}"
EndProject
Global
	GlobalSection(SolutionConfigurationPlatforms) = preSolution
		Debug|Any CPU = Debug|Any CPU
		Release|Any CPU = Release|Any CPU
	EndGlobalSection
	GlobalSection(ProjectConfigurationPlatforms) = postSolution
		{08B1FA74-376F-4E90-A950-99B228DC2338}.Debug|Any CPU.ActiveCfg = Debug|Any CPU
		{08B1FA74-376F-4E90-A950-99B228DC2338}.Debug|Any CPU.Build.0 = Debug|Any CPU
		{08B1FA74-376F-4E90-A950-99B228DC2338}.Release|Any CPU.ActiveCfg = Release|Any CPU
		{08B1FA74-376F-4E90-A950-99B228DC2338}.Release|Any CPU.Build.0 = Release|Any CPU
		{1EDC116D-3C3F-4D55-88F1-356C8043A113}.Debug|Any CPU.ActiveCfg = Debug|Any CPU
		{1EDC116D-3C3F-4D55-88F1-356C8043A113}.Debug|Any CPU.Build.0 = Debug|Any CPU
		{1EDC116D-3C3F-4D55-88F1-356C8043A113}.Release|Any CPU.ActiveCfg = Release|Any CPU
		{1EDC116D-3C3F-4D55-88F1-356C8043A113}.Release|Any CPU.Build.0 = Release|Any CPU
		{E22FC032-3A5D-4225-88DD-9791CC2D1CA0}.Debug|Any CPU.ActiveCfg = Debug|Any CPU
		{E22FC032-3A5D-4225-88DD-9791CC2D1CA0}.Debug|Any CPU.Build.0 = Debug|Any CPU
		{E22FC032-3A5D-4225-88DD-9791CC2D1CA0}.Release|Any CPU.ActiveCfg = Release|Any CPU
		{E22FC032-3A5D-4225-88DD-9791CC2D1CA0}.Release|Any CPU.Build.0 = Release|Any CPU
	EndGlobalSection
	GlobalSection(SolutionProperties) = preSolution
		HideSolutionNode = FALSE
	EndGlobalSection
EndGlobal
